
Microsoft Visual Studio Solution File, Format Version 12.00
# Visual Studio 15
VisualStudioVersion = 15.0.28010.2050
MinimumVisualStudioVersion = 10.0.40219.1
Project("{FAE04EC0-301F-11D3-BF4B-00C04F79EFBC}") = "DDCKVMService", "DDCKVMService\DDCKVMService.csproj", "{534780F0-BFFD-4F6F-8160-CF64A5DE650D}"
EndProject
Global
	GlobalSection(SolutionConfigurationPlatforms) = preSolution
		Debug|Any CPU = Debug|Any CPU
		Release|Any CPU = Release|Any CPU
	EndGlobalSection
	GlobalSection(ProjectConfigurationPlatforms) = postSolution
		{534780F0-BFFD-4F6F-8160-CF64A5DE650D}.Debug|Any CPU.ActiveCfg = Debug|Any CPU
		{534780F0-BFFD-4F6F-8160-CF64A5DE650D}.Debug|Any CPU.Build.0 = Debug|Any CPU
		{534780F0-BFFD-4F6F-8160-CF64A5DE650D}.Release|Any CPU.ActiveCfg = Release|Any CPU
		{534780F0-BFFD-4F6F-8160-CF64A5DE650D}.Release|Any CPU.Build.0 = Release|Any CPU
	EndGlobalSection
	GlobalSection(SolutionProperties) = preSolution
		HideSolutionNode = FALSE
	EndGlobalSection
	GlobalSection(ExtensibilityGlobals) = postSolution
		SolutionGuid = {D98700EA-2F58-456A-B1B9-D6285A743B3E}
	EndGlobalSection
EndGlobal
